
Microsoft Visual Studio Solution File, Format Version 12.00
# Visual Studio 15
VisualStudioVersion = 15.0.26730.12
MinimumVisualStudioVersion = 10.0.40219.1
Project("{FAE04EC0-301F-11D3-BF4B-00C04F79EFBC}") = "P2E4", "P2E4\P2E4.csproj", "{D3B4A1F6-6223-4553-B9D6-E195E5375831}"
EndProject
Global
	GlobalSection(SolutionConfigurationPlatforms) = preSolution
		Debug|Any CPU = Debug|Any CPU
		Release|Any CPU = Release|Any CPU
	EndGlobalSection
	GlobalSection(ProjectConfigurationPlatforms) = postSolution
		{D3B4A1F6-6223-4553-B9D6-E195E5375831}.Debug|Any CPU.ActiveCfg = Debug|Any CPU
		{D3B4A1F6-6223-4553-B9D6-E195E5375831}.Debug|Any CPU.Build.0 = Debug|Any CPU
		{D3B4A1F6-6223-4553-B9D6-E195E5375831}.Release|Any CPU.ActiveCfg = Release|Any CPU
		{D3B4A1F6-6223-4553-B9D6-E195E5375831}.Release|Any CPU.Build.0 = Release|Any CPU
	EndGlobalSection
	GlobalSection(SolutionProperties) = preSolution
		HideSolutionNode = FALSE
	EndGlobalSection
	GlobalSection(ExtensibilityGlobals) = postSolution
		SolutionGuid = {EA460BB1-DC82-4B90-8B0D-1C8543387A34}
	EndGlobalSection
EndGlobal
